
Microsoft Visual Studio Solution File, Format Version 12.00
# Visual Studio Version 17
VisualStudioVersion = 17.8.34330.188
MinimumVisualStudioVersion = 10.0.40219.1
Project("{FAE04EC0-301F-11D3-BF4B-00C04F79EFBC}") = "BookingApp", "BookingApp\BookingApp.csproj", "{48C0FB43-2525-4E36-840E-420635D7EBBE}"
EndProject
Global
	GlobalSection(SolutionConfigurationPlatforms) = preSolution
		Debug|Any CPU = Debug|Any CPU
		Release|Any CPU = Release|Any CPU
	EndGlobalSection
	GlobalSection(ProjectConfigurationPlatforms) = postSolution
		{48C0FB43-2525-4E36-840E-420635D7EBBE}.Debug|Any CPU.ActiveCfg = Debug|Any CPU
		{48C0FB43-2525-4E36-840E-420635D7EBBE}.Debug|Any CPU.Build.0 = Debug|Any CPU
		{48C0FB43-2525-4E36-840E-420635D7EBBE}.Release|Any CPU.ActiveCfg = Release|Any CPU
		{48C0FB43-2525-4E36-840E-420635D7EBBE}.Release|Any CPU.Build.0 = Release|Any CPU
	EndGlobalSection
	GlobalSection(SolutionProperties) = preSolution
		HideSolutionNode = FALSE
	EndGlobalSection
	GlobalSection(ExtensibilityGlobals) = postSolution
		SolutionGuid = {4ABD04E0-C8F3-448B-9FF7-60C76FC6C905}
	EndGlobalSection
EndGlobal
